
Microsoft Visual Studio Solution File, Format Version 12.00
# Visual Studio Version 17
VisualStudioVersion = 17.0.31903.59
MinimumVisualStudioVersion = 10.0.40219.1
Project("{2150E333-8FDC-42A3-9474-1A3956D46DE8}") = "src", "src", "{827E0CD3-B72D-47B6-A68D-7590B98EB39B}"
EndProject
Project("{FAE04EC0-301F-11D3-BF4B-00C04F79EFBC}") = "Propia.Domain", "src\Propia.Domain\Propia.Domain.csproj", "{D73DB7F4-3430-45F7-BE8F-08798C22F80E}"
EndProject
Project("{FAE04EC0-301F-11D3-BF4B-00C04F79EFBC}") = "Propia.Application", "src\Propia.Application\Propia.Application.csproj", "{483D5F70-F739-4FD0-BBA3-504E8AC59F16}"
EndProject
Project("{FAE04EC0-301F-11D3-BF4B-00C04F79EFBC}") = "Propia.Infrastructure", "src\Propia.Infrastructure\Propia.Infrastructure.csproj", "{8D9DB8B1-3904-44C7-A4D4-ED6BBFBD4168}"
EndProject
Project("{FAE04EC0-301F-11D3-BF4B-00C04F79EFBC}") = "Propia.Shared", "src\Propia.Shared\Propia.Shared.csproj", "{F63E5C37-96EC-48F6-B862-F114112B3E50}"
EndProject
Project("{FAE04EC0-301F-11D3-BF4B-00C04F79EFBC}") = "Propia.Api", "src\Propia.Api\Propia.Api.csproj", "{905BEDA4-7259-40EF-A587-F49C8D2894E4}"
EndProject
Project("{FAE04EC0-301F-11D3-BF4B-00C04F79EFBC}") = "Propia.Web", "src\Propia.Web\Propia.Web.csproj", "{0060B1C0-F84A-4EFC-A2C3-4F3DEFAC3E4C}"
EndProject
Project("{FAE04EC0-301F-11D3-BF4B-00C04F79EFBC}") = "Propia.Web.Client", "src\Propia.Web.Client\Propia.Web.Client.csproj", "{31625559-572D-418E-8953-F3316A72D730}"
EndProject
Project("{FAE04EC0-301F-11D3-BF4B-00C04F79EFBC}") = "Propia.Workers", "src\Propia.Workers\Propia.Workers.csproj", "{557C264D-75BC-4D48-945D-ECC1285D2440}"
EndProject
Project("{FAE04EC0-301F-11D3-BF4B-00C04F79EFBC}") = "Propia.SuperAdmin", "src\Propia.SuperAdmin\Propia.SuperAdmin.csproj", "{A6F33222-28AF-4B5B-B754-FB78D6982DAA}"
EndProject
Project("{2150E333-8FDC-42A3-9474-1A3956D46DE8}") = "tests", "tests", "{0AB3BF05-4346-4AA6-1389-037BE0695223}"
EndProject
Project("{FAE04EC0-301F-11D3-BF4B-00C04F79EFBC}") = "Propia.Domain.Tests", "tests\Propia.Domain.Tests\Propia.Domain.Tests.csproj", "{28A6580F-A9DE-451A-B3F7-464DE5A64F68}"
EndProject
Project("{FAE04EC0-301F-11D3-BF4B-00C04F79EFBC}") = "Propia.Application.Tests", "tests\Propia.Application.Tests\Propia.Application.Tests.csproj", "{FEF6505A-244C-4772-BCB9-C8F6B6DD4203}"
EndProject
Project("{FAE04EC0-301F-11D3-BF4B-00C04F79EFBC}") = "Propia.Integration.Tests", "tests\Propia.Integration.Tests\Propia.Integration.Tests.csproj", "{1563DEA4-0C6C-46E4-AC7F-3AB36467DB9B}"
EndProject
Global
	GlobalSection(SolutionConfigurationPlatforms) = preSolution
		Debug|Any CPU = Debug|Any CPU
		Debug|x64 = Debug|x64
		Debug|x86 = Debug|x86
		Release|Any CPU = Release|Any CPU
		Release|x64 = Release|x64
		Release|x86 = Release|x86
	EndGlobalSection
	GlobalSection(ProjectConfigurationPlatforms) = postSolution
		{D73DB7F4-3430-45F7-BE8F-08798C22F80E}.Debug|Any CPU.ActiveCfg = Debug|Any CPU
		{D73DB7F4-3430-45F7-BE8F-08798C22F80E}.Debug|Any CPU.Build.0 = Debug|Any CPU
		{D73DB7F4-3430-45F7-BE8F-08798C22F80E}.Debug|x64.ActiveCfg = Debug|Any CPU
		{D73DB7F4-3430-45F7-BE8F-08798C22F80E}.Debug|x64.Build.0 = Debug|Any CPU
		{D73DB7F4-3430-45F7-BE8F-08798C22F80E}.Debug|x86.ActiveCfg = Debug|Any CPU
		{D73DB7F4-3430-45F7-BE8F-08798C22F80E}.Debug|x86.Build.0 = Debug|Any CPU
		{D73DB7F4-3430-45F7-BE8F-08798C22F80E}.Release|Any CPU.ActiveCfg = Release|Any CPU
		{D73DB7F4-3430-45F7-BE8F-08798C22F80E}.Release|Any CPU.Build.0 = Release|Any CPU
		{D73DB7F4-3430-45F7-BE8F-08798C22F80E}.Release|x64.ActiveCfg = Release|Any CPU
		{D73DB7F4-3430-45F7-BE8F-08798C22F80E}.Release|x64.Build.0 = Release|Any CPU
		{D73DB7F4-3430-45F7-BE8F-08798C22F80E}.Release|x86.ActiveCfg = Release|Any CPU
		{D73DB7F4-3430-45F7-BE8F-08798C22F80E}.Release|x86.Build.0 = Release|Any CPU
		{483D5F70-F739-4FD0-BBA3-504E8AC59F16}.Debug|Any CPU.ActiveCfg = Debug|Any CPU
		{483D5F70-F739-4FD0-BBA3-504E8AC59F16}.Debug|Any CPU.Build.0 = Debug|Any CPU
		{483D5F70-F739-4FD0-BBA3-504E8AC59F16}.Debug|x64.ActiveCfg = Debug|Any CPU
		{483D5F70-F739-4FD0-BBA3-504E8AC59F16}.Debug|x64.Build.0 = Debug|Any CPU
		{483D5F70-F739-4FD0-BBA3-504E8AC59F16}.Debug|x86.ActiveCfg = Debug|Any CPU
		{483D5F70-F739-4FD0-BBA3-504E8AC59F16}.Debug|x86.Build.0 = Debug|Any CPU
		{483D5F70-F739-4FD0-BBA3-504E8AC59F16}.Release|Any CPU.ActiveCfg = Release|Any CPU
		{483D5F70-F739-4FD0-BBA3-504E8AC59F16}.Release|Any CPU.Build.0 = Release|Any CPU
		{483D5F70-F739-4FD0-BBA3-504E8AC59F16}.Release|x64.ActiveCfg = Release|Any CPU
		{483D5F70-F739-4FD0-BBA3-504E8AC59F16}.Release|x64.Build.0 = Release|Any CPU
		{483D5F70-F739-4FD0-BBA3-504E8AC59F16}.Release|x86.ActiveCfg = Release|Any CPU
		{483D5F70-F739-4FD0-BBA3-504E8AC59F16}.Release|x86.Build.0 = Release|Any CPU
		{8D9DB8B1-3904-44C7-A4D4-ED6BBFBD4168}.Debug|Any CPU.ActiveCfg = Debug|Any CPU
		{8D9DB8B1-3904-44C7-A4D4-ED6BBFBD4168}.Debug|Any CPU.Build.0 = Debug|Any CPU
		{8D9DB8B1-3904-44C7-A4D4-ED6BBFBD4168}.Debug|x64.ActiveCfg = Debug|Any CPU
		{8D9DB8B1-3904-44C7-A4D4-ED6BBFBD4168}.Debug|x64.Build.0 = Debug|Any CPU
		{8D9DB8B1-3904-44C7-A4D4-ED6BBFBD4168}.Debug|x86.ActiveCfg = Debug|Any CPU
		{8D9DB8B1-3904-44C7-A4D4-ED6BBFBD4168}.Debug|x86.Build.0 = Debug|Any CPU
		{8D9DB8B1-3904-44C7-A4D4-ED6BBFBD4168}.Release|Any CPU.ActiveCfg = Release|Any CPU
		{8D9DB8B1-3904-44C7-A4D4-ED6BBFBD4168}.Release|Any CPU.Build.0 = Release|Any CPU
		{8D9DB8B1-3904-44C7-A4D4-ED6BBFBD4168}.Release|x64.ActiveCfg = Release|Any CPU
		{8D9DB8B1-3904-44C7-A4D4-ED6BBFBD4168}.Release|x64.Build.0 = Release|Any CPU
		{8D9DB8B1-3904-44C7-A4D4-ED6BBFBD4168}.Release|x86.ActiveCfg = Release|Any CPU
		{8D9DB8B1-3904-44C7-A4D4-ED6BBFBD4168}.Release|x86.Build.0 = Release|Any CPU
		{F63E5C37-96EC-48F6-B862-F114112B3E50}.Debug|Any CPU.ActiveCfg = Debug|Any CPU
		{F63E5C37-96EC-48F6-B862-F114112B3E50}.Debug|Any CPU.Build.0 = Debug|Any CPU
		{F63E5C37-96EC-48F6-B862-F114112B3E50}.Debug|x64.ActiveCfg = Debug|Any CPU
		{F63E5C37-96EC-48F6-B862-F114112B3E50}.Debug|x64.Build.0 = Debug|Any CPU
		{F63E5C37-96EC-48F6-B862-F114112B3E50}.Debug|x86.ActiveCfg = Debug|Any CPU
		{F63E5C37-96EC-48F6-B862-F114112B3E50}.Debug|x86.Build.0 = Debug|Any CPU
		{F63E5C37-96EC-48F6-B862-F114112B3E50}.Release|Any CPU.ActiveCfg = Release|Any CPU
		{F63E5C37-96EC-48F6-B862-F114112B3E50}.Release|Any CPU.Build.0 = Release|Any CPU
		{F63E5C37-96EC-48F6-B862-F114112B3E50}.Release|x64.ActiveCfg = Release|Any CPU
		{F63E5C37-96EC-48F6-B862-F114112B3E50}.Release|x64.Build.0 = Release|Any CPU
		{F63E5C37-96EC-48F6-B862-F114112B3E50}.Release|x86.ActiveCfg = Release|Any CPU
		{F63E5C37-96EC-48F6-B862-F114112B3E50}.Release|x86.Build.0 = Release|Any CPU
		{905BEDA4-7259-40EF-A587-F49C8D2894E4}.Debug|Any CPU.ActiveCfg = Debug|Any CPU
		{905BEDA4-7259-40EF-A587-F49C8D2894E4}.Debug|Any CPU.Build.0 = Debug|Any CPU
		{905BEDA4-7259-40EF-A587-F49C8D2894E4}.Debug|x64.ActiveCfg = Debug|Any CPU
		{905BEDA4-7259-40EF-A587-F49C8D2894E4}.Debug|x64.Build.0 = Debug|Any CPU
		{905BEDA4-7259-40EF-A587-F49C8D2894E4}.Debug|x86.ActiveCfg = Debug|Any CPU
		{905BEDA4-7259-40EF-A587-F49C8D2894E4}.Debug|x86.Build.0 = Debug|Any CPU
		{905BEDA4-7259-40EF-A587-F49C8D2894E4}.Release|Any CPU.ActiveCfg = Release|Any CPU
		{905BEDA4-7259-40EF-A587-F49C8D2894E4}.Release|Any CPU.Build.0 = Release|Any CPU
		{905BEDA4-7259-40EF-A587-F49C8D2894E4}.Release|x64.ActiveCfg = Release|Any CPU
		{905BEDA4-7259-40EF-A587-F49C8D2894E4}.Release|x64.Build.0 = Release|Any CPU
		{905BEDA4-7259-40EF-A587-F49C8D2894E4}.Release|x86.ActiveCfg = Release|Any CPU
		{905BEDA4-7259-40EF-A587-F49C8D2894E4}.Release|x86.Build.0 = Release|Any CPU
		{0060B1C0-F84A-4EFC-A2C3-4F3DEFAC3E4C}.Debug|Any CPU.ActiveCfg = Debug|Any CPU
		{0060B1C0-F84A-4EFC-A2C3-4F3DEFAC3E4C}.Debug|Any CPU.Build.0 = Debug|Any CPU
		{0060B1C0-F84A-4EFC-A2C3-4F3DEFAC3E4C}.Debug|x64.ActiveCfg = Debug|Any CPU
		{0060B1C0-F84A-4EFC-A2C3-4F3DEFAC3E4C}.Debug|x64.Build.0 = Debug|Any CPU
		{0060B1C0-F84A-4EFC-A2C3-4F3DEFAC3E4C}.Debug|x86.ActiveCfg = Debug|Any CPU
		{0060B1C0-F84A-4EFC-A2C3-4F3DEFAC3E4C}.Debug|x86.Build.0 = Debug|Any CPU
		{0060B1C0-F84A-4EFC-A2C3-4F3DEFAC3E4C}.Release|Any CPU.ActiveCfg = Release|Any CPU
		{0060B1C0-F84A-4EFC-A2C3-4F3DEFAC3E4C}.Release|Any CPU.Build.0 = Release|Any CPU
		{0060B1C0-F84A-4EFC-A2C3-4F3DEFAC3E4C}.Release|x64.ActiveCfg = Release|Any CPU
		{0060B1C0-F84A-4EFC-A2C3-4F3DEFAC3E4C}.Release|x64.Build.0 = Release|Any CPU
		{0060B1C0-F84A-4EFC-A2C3-4F3DEFAC3E4C}.Release|x86.ActiveCfg = Release|Any CPU
		{0060B1C0-F84A-4EFC-A2C3-4F3DEFAC3E4C}.Release|x86.Build.0 = Release|Any CPU
		{31625559-572D-418E-8953-F3316A72D730}.Debug|Any CPU.ActiveCfg = Debug|Any CPU
		{31625559-572D-418E-8953-F3316A72D730}.Debug|Any CPU.Build.0 = Debug|Any CPU
		{31625559-572D-418E-8953-F3316A72D730}.Debug|x64.ActiveCfg = Debug|Any CPU
		{31625559-572D-418E-8953-F3316A72D730}.Debug|x64.Build.0 = Debug|Any CPU
		{31625559-572D-418E-8953-F3316A72D730}.Debug|x86.ActiveCfg = Debug|Any CPU
		{31625559-572D-418E-8953-F3316A72D730}.Debug|x86.Build.0 = Debug|Any CPU
		{31625559-572D-418E-8953-F3316A72D730}.Release|Any CPU.ActiveCfg = Release|Any CPU
		{31625559-572D-418E-8953-F3316A72D730}.Release|Any CPU.Build.0 = Release|Any CPU
		{31625559-572D-418E-8953-F3316A72D730}.Release|x64.ActiveCfg = Release|Any CPU
		{31625559-572D-418E-8953-F3316A72D730}.Release|x64.Build.0 = Release|Any CPU
		{31625559-572D-418E-8953-F3316A72D730}.Release|x86.ActiveCfg = Release|Any CPU
		{31625559-572D-418E-8953-F3316A72D730}.Release|x86.Build.0 = Release|Any CPU
		{557C264D-75BC-4D48-945D-ECC1285D2440}.Debug|Any CPU.ActiveCfg = Debug|Any CPU
		{557C264D-75BC-4D48-945D-ECC1285D2440}.Debug|Any CPU.Build.0 = Debug|Any CPU
		{557C264D-75BC-4D48-945D-ECC1285D2440}.Debug|x64.ActiveCfg = Debug|Any CPU
		{557C264D-75BC-4D48-945D-ECC1285D2440}.Debug|x64.Build.0 = Debug|Any CPU
		{557C264D-75BC-4D48-945D-ECC1285D2440}.Debug|x86.ActiveCfg = Debug|Any CPU
		{557C264D-75BC-4D48-945D-ECC1285D2440}.Debug|x86.Build.0 = Debug|Any CPU
		{557C264D-75BC-4D48-945D-ECC1285D2440}.Release|Any CPU.ActiveCfg = Release|Any CPU
		{557C264D-75BC-4D48-945D-ECC1285D2440}.Release|Any CPU.Build.0 = Release|Any CPU
		{557C264D-75BC-4D48-945D-ECC1285D2440}.Release|x64.ActiveCfg = Release|Any CPU
		{557C264D-75BC-4D48-945D-ECC1285D2440}.Release|x64.Build.0 = Release|Any CPU
		{557C264D-75BC-4D48-945D-ECC1285D2440}.Release|x86.ActiveCfg = Release|Any CPU
		{557C264D-75BC-4D48-945D-ECC1285D2440}.Release|x86.Build.0 = Release|Any CPU
		{A6F33222-28AF-4B5B-B754-FB78D6982DAA}.Debug|Any CPU.ActiveCfg = Debug|Any CPU
		{A6F33222-28AF-4B5B-B754-FB78D6982DAA}.Debug|Any CPU.Build.0 = Debug|Any CPU
		{A6F33222-28AF-4B5B-B754-FB78D6982DAA}.Debug|x64.ActiveCfg = Debug|Any CPU
		{A6F33222-28AF-4B5B-B754-FB78D6982DAA}.Debug|x64.Build.0 = Debug|Any CPU
		{A6F33222-28AF-4B5B-B754-FB78D6982DAA}.Debug|x86.ActiveCfg = Debug|Any CPU
		{A6F33222-28AF-4B5B-B754-FB78D6982DAA}.Debug|x86.Build.0 = Debug|Any CPU
		{A6F33222-28AF-4B5B-B754-FB78D6982DAA}.Release|Any CPU.ActiveCfg = Release|Any CPU
		{A6F33222-28AF-4B5B-B754-FB78D6982DAA}.Release|Any CPU.Build.0 = Release|Any CPU
		{A6F33222-28AF-4B5B-B754-FB78D6982DAA}.Release|x64.ActiveCfg = Release|Any CPU
		{A6F33222-28AF-4B5B-B754-FB78D6982DAA}.Release|x64.Build.0 = Release|Any CPU
		{A6F33222-28AF-4B5B-B754-FB78D6982DAA}.Release|x86.ActiveCfg = Release|Any CPU
		{A6F33222-28AF-4B5B-B754-FB78D6982DAA}.Release|x86.Build.0 = Release|Any CPU
		{28A6580F-A9DE-451A-B3F7-464DE5A64F68}.Debug|Any CPU.ActiveCfg = Debug|Any CPU
		{28A6580F-A9DE-451A-B3F7-464DE5A64F68}.Debug|Any CPU.Build.0 = Debug|Any CPU
		{28A6580F-A9DE-451A-B3F7-464DE5A64F68}.Debug|x64.ActiveCfg = Debug|Any CPU
		{28A6580F-A9DE-451A-B3F7-464DE5A64F68}.Debug|x64.Build.0 = Debug|Any CPU
		{28A6580F-A9DE-451A-B3F7-464DE5A64F68}.Debug|x86.ActiveCfg = Debug|Any CPU
		{28A6580F-A9DE-451A-B3F7-464DE5A64F68}.Debug|x86.Build.0 = Debug|Any CPU
		{28A6580F-A9DE-451A-B3F7-464DE5A64F68}.Release|Any CPU.ActiveCfg = Release|Any CPU
		{28A6580F-A9DE-451A-B3F7-464DE5A64F68}.Release|Any CPU.Build.0 = Release|Any CPU
		{28A6580F-A9DE-451A-B3F7-464DE5A64F68}.Release|x64.ActiveCfg = Release|Any CPU
		{28A6580F-A9DE-451A-B3F7-464DE5A64F68}.Release|x64.Build.0 = Release|Any CPU
		{28A6580F-A9DE-451A-B3F7-464DE5A64F68}.Release|x86.ActiveCfg = Release|Any CPU
		{28A6580F-A9DE-451A-B3F7-464DE5A64F68}.Release|x86.Build.0 = Release|Any CPU
		{FEF6505A-244C-4772-BCB9-C8F6B6DD4203}.Debug|Any CPU.ActiveCfg = Debug|Any CPU
		{FEF6505A-244C-4772-BCB9-C8F6B6DD4203}.Debug|Any CPU.Build.0 = Debug|Any CPU
		{FEF6505A-244C-4772-BCB9-C8F6B6DD4203}.Debug|x64.ActiveCfg = Debug|Any CPU
		{FEF6505A-244C-4772-BCB9-C8F6B6DD4203}.Debug|x64.Build.0 = Debug|Any CPU
		{FEF6505A-244C-4772-BCB9-C8F6B6DD4203}.Debug|x86.ActiveCfg = Debug|Any CPU
		{FEF6505A-244C-4772-BCB9-C8F6B6DD4203}.Debug|x86.Build.0 = Debug|Any CPU
		{FEF6505A-244C-4772-BCB9-C8F6B6DD4203}.Release|Any CPU.ActiveCfg = Release|Any CPU
		{FEF6505A-244C-4772-BCB9-C8F6B6DD4203}.Release|Any CPU.Build.0 = Release|Any CPU
		{FEF6505A-244C-4772-BCB9-C8F6B6DD4203}.Release|x64.ActiveCfg = Release|Any CPU
		{FEF6505A-244C-4772-BCB9-C8F6B6DD4203}.Release|x64.Build.0 = Release|Any CPU
		{FEF6505A-244C-4772-BCB9-C8F6B6DD4203}.Release|x86.ActiveCfg = Release|Any CPU
		{FEF6505A-244C-4772-BCB9-C8F6B6DD4203}.Release|x86.Build.0 = Release|Any CPU
		{1563DEA4-0C6C-46E4-AC7F-3AB36467DB9B}.Debug|Any CPU.ActiveCfg = Debug|Any CPU
		{1563DEA4-0C6C-46E4-AC7F-3AB36467DB9B}.Debug|Any CPU.Build.0 = Debug|Any CPU
		{1563DEA4-0C6C-46E4-AC7F-3AB36467DB9B}.Debug|x64.ActiveCfg = Debug|Any CPU
		{1563DEA4-0C6C-46E4-AC7F-3AB36467DB9B}.Debug|x64.Build.0 = Debug|Any CPU
		{1563DEA4-0C6C-46E4-AC7F-3AB36467DB9B}.Debug|x86.ActiveCfg = Debug|Any CPU
		{1563DEA4-0C6C-46E4-AC7F-3AB36467DB9B}.Debug|x86.Build.0 = Debug|Any CPU
		{1563DEA4-0C6C-46E4-AC7F-3AB36467DB9B}.Release|Any CPU.ActiveCfg = Release|Any CPU
		{1563DEA4-0C6C-46E4-AC7F-3AB36467DB9B}.Release|Any CPU.Build.0 = Release|Any CPU
		{1563DEA4-0C6C-46E4-AC7F-3AB36467DB9B}.Release|x64.ActiveCfg = Release|Any CPU
		{1563DEA4-0C6C-46E4-AC7F-3AB36467DB9B}.Release|x64.Build.0 = Release|Any CPU
		{1563DEA4-0C6C-46E4-AC7F-3AB36467DB9B}.Release|x86.ActiveCfg = Release|Any CPU
		{1563DEA4-0C6C-46E4-AC7F-3AB36467DB9B}.Release|x86.Build.0 = Release|Any CPU
	EndGlobalSection
	GlobalSection(SolutionProperties) = preSolution
		HideSolutionNode = FALSE
	EndGlobalSection
	GlobalSection(NestedProjects) = preSolution
		{D73DB7F4-3430-45F7-BE8F-08798C22F80E} = {827E0CD3-B72D-47B6-A68D-7590B98EB39B}
		{483D5F70-F739-4FD0-BBA3-504E8AC59F16} = {827E0CD3-B72D-47B6-A68D-7590B98EB39B}
		{8D9DB8B1-3904-44C7-A4D4-ED6BBFBD4168} = {827E0CD3-B72D-47B6-A68D-7590B98EB39B}
		{F63E5C37-96EC-48F6-B862-F114112B3E50} = {827E0CD3-B72D-47B6-A68D-7590B98EB39B}
		{905BEDA4-7259-40EF-A587-F49C8D2894E4} = {827E0CD3-B72D-47B6-A68D-7590B98EB39B}
		{0060B1C0-F84A-4EFC-A2C3-4F3DEFAC3E4C} = {827E0CD3-B72D-47B6-A68D-7590B98EB39B}
		{31625559-572D-418E-8953-F3316A72D730} = {827E0CD3-B72D-47B6-A68D-7590B98EB39B}
		{557C264D-75BC-4D48-945D-ECC1285D2440} = {827E0CD3-B72D-47B6-A68D-7590B98EB39B}
		{A6F33222-28AF-4B5B-B754-FB78D6982DAA} = {827E0CD3-B72D-47B6-A68D-7590B98EB39B}
		{28A6580F-A9DE-451A-B3F7-464DE5A64F68} = {0AB3BF05-4346-4AA6-1389-037BE0695223}
		{FEF6505A-244C-4772-BCB9-C8F6B6DD4203} = {0AB3BF05-4346-4AA6-1389-037BE0695223}
		{1563DEA4-0C6C-46E4-AC7F-3AB36467DB9B} = {0AB3BF05-4346-4AA6-1389-037BE0695223}
	EndGlobalSection
EndGlobal
